// !$*UTF8*$!
{
	archiveVersion = 1;
	classes = {
	};
	objectVersion = 56;
	objects = {

/* Begin PBXBuildFile section */
		F19E64202912B4F3003EA8AB /* Roll_the_DiceApp.swift in Sources */ = {isa = PBXBuildFile; fileRef = F19E641F2912B4F3003EA8AB /* Roll_the_DiceApp.swift */; };
		F19E64222912B4F3003EA8AB /* ContentView.swift in Sources */ = {isa = PBXBuildFile; fileRef = F19E64212912B4F3003EA8AB /* ContentView.swift */; };
		F19E64242912B4F8003EA8AB /* Assets.xcassets in Resources */ = {isa = PBXBuildFile; fileRef = F19E64232912B4F8003EA8AB /* Assets.xcassets */; };
		F19E64272912B4F8003EA8AB /* Preview Assets.xcassets in Resources */ = {isa = PBXBuildFile; fileRef = F19E64262912B4F8003EA8AB /* Preview Assets.xcassets */; };
		F19E64312912B4F8003EA8AB /* Roll_the_DiceTests.swift in Sources */ = {isa = PBXBuildFile; fileRef = F19E64302912B4F8003EA8AB /* Roll_the_DiceTests.swift */; };
		F19E643B2912B4F8003EA8AB /* Roll_the_DiceUITests.swift in Sources */ = {isa = PBXBuildFile; fileRef = F19E643A2912B4F8003EA8AB /* Roll_the_DiceUITests.swift */; };
		F19E643D2912B4F8003EA8AB /* Roll_the_DiceUITestsLaunchTests.swift in Sources */ = {isa = PBXBuildFile; fileRef = F19E643C2912B4F8003EA8AB /* Roll_the_DiceUITestsLaunchTests.swift */; };
/* End PBXBuildFile section */

/* Begin PBXContainerItemProxy section */
		F19E642D2912B4F8003EA8AB /* PBXContainerItemProxy */ = {
			isa = PBXContainerItemProxy;
			containerPortal = F19E64142912B4F3003EA8AB /* Project object */;
			proxyType = 1;
			remoteGlobalIDString = F19E641B2912B4F3003EA8AB;
			remoteInfo = "Roll the Dice";
		};
		F19E64372912B4F8003EA8AB /* PBXContainerItemProxy */ = {
			isa = PBXContainerItemProxy;
			containerPortal = F19E64142912B4F3003EA8AB /* Project object */;
			proxyType = 1;
			remoteGlobalIDString = F19E641B2912B4F3003EA8AB;
			remoteInfo = "Roll the Dice";
		};
/* End PBXContainerItemProxy section */

/* Begin PBXFileReference section */
		F19E641C2912B4F3003EA8AB /* Roll the Dice.app */ = {isa = PBXFileReference; explicitFileType = wrapper.application; includeInIndex = 0; path = "Roll the Dice.app"; sourceTree = BUILT_PRODUCTS_DIR; };
		F19E641F2912B4F3003EA8AB /* Roll_the_DiceApp.swift */ = {isa = PBXFileReference; lastKnownFileType = sourcecode.swift; path = Roll_the_DiceApp.swift; sourceTree = "<group>"; };
		F19E64212912B4F3003EA8AB /* ContentView.swift */ = {isa = PBXFileReference; lastKnownFileType = sourcecode.swift; path = ContentView.swift; sourceTree = "<group>"; };
		F19E64232912B4F8003EA8AB /* Assets.xcassets */ = {isa = PBXFileReference; lastKnownFileType = folder.assetcatalog; path = Assets.xcassets; sourceTree = "<group>"; };
		F19E64262912B4F8003EA8AB /* Preview Assets.xcassets */ = {isa = PBXFileReference; lastKnownFileType = folder.assetcatalog; path = "Preview Assets.xcassets"; sourceTree = "<group>"; };
		F19E642C2912B4F8003EA8AB /* Roll the DiceTests.xctest */ = {isa = PBXFileReference; explicitFileType = wrapper.cfbundle; includeInIndex = 0; path = "Roll the DiceTests.xctest"; sourceTree = BUILT_PRODUCTS_DIR; };
		F19E64302912B4F8003EA8AB /* Roll_the_DiceTests.swift */ = {isa = PBXFileReference; lastKnownFileType = sourcecode.swift; path = Roll_the_DiceTests.swift; sourceTree = "<group>"; };
		F19E64362912B4F8003EA8AB /* Roll the DiceUITests.xctest */ = {isa = PBXFileReference; explicitFileType = wrapper.cfbundle; includeInIndex = 0; path = "Roll the DiceUITests.xctest"; sourceTree = BUILT_PRODUCTS_DIR; };
		F19E643A2912B4F8003EA8AB /* Roll_the_DiceUITests.swift */ = {isa = PBXFileReference; lastKnownFileType = sourcecode.swift; path = Roll_the_DiceUITests.swift; sourceTree = "<group>"; };
		F19E643C2912B4F8003EA8AB /* Roll_the_DiceUITestsLaunchTests.swift */ = {isa = PBXFileReference; lastKnownFileType = sourcecode.swift; path = Roll_the_DiceUITestsLaunchTests.swift; sourceTree = "<group>"; };
/* End PBXFileReference section */

/* Begin PBXFrameworksBuildPhase section */
		F19E64192912B4F3003EA8AB /* Frameworks */ = {
			isa = PBXFrameworksBuildPhase;
			buildActionMask = 2147483647;
			files = (
			);
			runOnlyForDeploymentPostprocessing = 0;
		};
		F19E64292912B4F8003EA8AB /* Frameworks */ = {
			isa = PBXFrameworksBuildPhase;
			buildActionMask = 2147483647;
			files = (
			);
			runOnlyForDeploymentPostprocessing = 0;
		};
		F19E64332912B4F8003EA8AB /* Frameworks */ = {
			isa = PBXFrameworksBuildPhase;
			buildActionMask = 2147483647;
			files = (
			);
			runOnlyForDeploymentPostprocessing = 0;
		};
/* End PBXFrameworksBuildPhase section */

/* Begin PBXGroup section */
		F19E64132912B4F3003EA8AB = {
			isa = PBXGroup;
			children = (
				F19E641E2912B4F3003EA8AB /* Roll the Dice */,
				F19E642F2912B4F8003EA8AB /* Roll the DiceTests */,
				F19E64392912B4F8003EA8AB /* Roll the DiceUITests */,
				F19E641D2912B4F3003EA8AB /* Products */,
			);
			sourceTree = "<group>";
		};
		F19E641D2912B4F3003EA8AB /* Products */ = {
			isa = PBXGroup;
			children = (
				F19E641C2912B4F3003EA8AB /* Roll the Dice.app */,
				F19E642C2912B4F8003EA8AB /* Roll the DiceTests.xctest */,
				F19E64362912B4F8003EA8AB /* Roll the DiceUITests.xctest */,
			);
			name = Products;
			sourceTree = "<group>";
		};
		F19E641E2912B4F3003EA8AB /* Roll the Dice */ = {
			isa = PBXGroup;
			children = (
				F19E641F2912B4F3003EA8AB /* Roll_the_DiceApp.swift */,
				F19E64212912B4F3003EA8AB /* ContentView.swift */,
				F19E64232912B4F8003EA8AB /* Assets.xcassets */,
				F19E64252912B4F8003EA8AB /* Preview Content */,
			);
			path = "Roll the Dice";
			sourceTree = "<group>";
		};
		F19E64252912B4F8003EA8AB /* Preview Content */ = {
			isa = PBXGroup;
			children = (
				F19E64262912B4F8003EA8AB /* Preview Assets.xcassets */,
			);
			path = "Preview Content";
			sourceTree = "<group>";
		};
		F19E642F2912B4F8003EA8AB /* Roll the DiceTests */ = {
			isa = PBXGroup;
			children = (
				F19E64302912B4F8003EA8AB /* Roll_the_DiceTests.swift */,
			);
			path = "Roll the DiceTests";
			sourceTree = "<group>";
		};
		F19E64392912B4F8003EA8AB /* Roll the DiceUITests */ = {
			isa = PBXGroup;
			children = (
				F19E643A2912B4F8003EA8AB /* Roll_the_DiceUITests.swift */,
				F19E643C2912B4F8003EA8AB /* Roll_the_DiceUITestsLaunchTests.swift */,
			);
			path = "Roll the DiceUITests";
			sourceTree = "<group>";
		};
/* End PBXGroup section */

/* Begin PBXNativeTarget section */
		F19E641B2912B4F3003EA8AB /* Roll the Dice */ = {
			isa = PBXNativeTarget;
			buildConfigurationList = F19E64402912B4F8003EA8AB /* Build configuration list for PBXNativeTarget "Roll the Dice" */;
			buildPhases = (
				F19E64182912B4F3003EA8AB /* Sources */,
				F19E64192912B4F3003EA8AB /* Frameworks */,
				F19E641A2912B4F3003EA8AB /* Resources */,
			);
			buildRules = (
			);
			dependencies = (
			);
			name = "Roll the Dice";
			productName = "Roll the Dice";
			productReference = F19E641C2912B4F3003EA8AB /* Roll the Dice.app */;
			productType = "com.apple.product-type.application";
		};
		F19E642B2912B4F8003EA8AB /* Roll the DiceTests */ = {
			isa = PBXNativeTarget;
			buildConfigurationList = F19E64432912B4F8003EA8AB /* Build configuration list for PBXNativeTarget "Roll the DiceTests" */;
			buildPhases = (
				F19E64282912B4F8003EA8AB /* Sources */,
				F19E64292912B4F8003EA8AB /* Frameworks */,
				F19E642A2912B4F8003EA8AB /* Resources */,
			);
			buildRules = (
			);
			dependencies = (
				F19E642E2912B4F8003EA8AB /* PBXTargetDependency */,
			);
			name = "Roll the DiceTests";
			productName = "Roll the DiceTests";
			productReference = F19E642C2912B4F8003EA8AB /* Roll the DiceTests.xctest */;
			productType = "com.apple.product-type.bundle.unit-test";
		};
		F19E64352912B4F8003EA8AB /* Roll the DiceUITests */ = {
			isa = PBXNativeTarget;
			buildConfigurationList = F19E64462912B4F8003EA8AB /* Build configuration list for PBXNativeTarget "Roll the DiceUITests" */;
			buildPhases = (
				F19E64322912B4F8003EA8AB /* Sources */,
				F19E64332912B4F8003EA8AB /* Frameworks */,
				F19E64342912B4F8003EA8AB /* Resources */,
			);
			buildRules = (
			);
			dependencies = (
				F19E64382912B4F8003EA8AB /* PBXTargetDependency */,
			);
			name = "Roll the DiceUITests";
			productName = "Roll the DiceUITests";
			productReference = F19E64362912B4F8003EA8AB /* Roll the DiceUITests.xctest */;
			productType = "com.apple.product-type.bundle.ui-testing";
		};
/* End PBXNativeTarget section */

/* Begin PBXProject section */
		F19E64142912B4F3003EA8AB /* Project object */ = {
			isa = PBXProject;
			attributes = {
				BuildIndependentTargetsInParallel = 1;
				LastSwiftUpdateCheck = 1400;
				LastUpgradeCheck = 1400;
				TargetAttributes = {
					F19E641B2912B4F3003EA8AB = {
						CreatedOnToolsVersion = 14.0;
					};
					F19E642B2912B4F8003EA8AB = {
						CreatedOnToolsVersion = 14.0;
						TestTargetID = F19E641B2912B4F3003EA8AB;
					};
					F19E64352912B4F8003EA8AB = {
						CreatedOnToolsVersion = 14.0;
						TestTargetID = F19E641B2912B4F3003EA8AB;
					};
				};
			};
			buildConfigurationList = F19E64172912B4F3003EA8AB /* Build configuration list for PBXProject "Roll the Dice" */;
			compatibilityVersion = "Xcode 14.0";
			developmentRegion = en;
			hasScannedForEncodings = 0;
			knownRegions = (
				en,
				Base,
			);
			mainGroup = F19E64132912B4F3003EA8AB;
			productRefGroup = F19E641D2912B4F3003EA8AB /* Products */;
			projectDirPath = "";
			projectRoot = "";
			targets = (
				F19E641B2912B4F3003EA8AB /* Roll the Dice */,
				F19E642B2912B4F8003EA8AB /* Roll the DiceTests */,
				F19E64352912B4F8003EA8AB /* Roll the DiceUITests */,
			);
		};
/* End PBXProject section */

/* Begin PBXResourcesBuildPhase section */
		F19E641A2912B4F3003EA8AB /* Resources */ = {
			isa = PBXResourcesBuildPhase;
			buildActionMask = 2147483647;
			files = (
				F19E64272912B4F8003EA8AB /* Preview Assets.xcassets in Resources */,
				F19E64242912B4F8003EA8AB /* Assets.xcassets in Resources */,
			);
			runOnlyForDeploymentPostprocessing = 0;
		};
		F19E642A2912B4F8003EA8AB /* Resources */ = {
			isa = PBXResourcesBuildPhase;
			buildActionMask = 2147483647;
			files = (
			);
			runOnlyForDeploymentPostprocessing = 0;
		};
		F19E64342912B4F8003EA8AB /* Resources */ = {
			isa = PBXResourcesBuildPhase;
			buildActionMask = 2147483647;
			files = (
			);
			runOnlyForDeploymentPostprocessing = 0;
		};
/* End PBXResourcesBuildPhase section */

/* Begin PBXSourcesBuildPhase section */
		F19E64182912B4F3003EA8AB /* Sources */ = {
			isa = PBXSourcesBuildPhase;
			buildActionMask = 2147483647;
			files = (
				F19E64222912B4F3003EA8AB /* ContentView.swift in Sources */,
				F19E64202912B4F3003EA8AB /* Roll_the_DiceApp.swift in Sources */,
			);
			runOnlyForDeploymentPostprocessing = 0;
		};
		F19E64282912B4F8003EA8AB /* Sources */ = {
			isa = PBXSourcesBuildPhase;
			buildActionMask = 2147483647;
			files = (
				F19E64312912B4F8003EA8AB /* Roll_the_DiceTests.swift in Sources */,
			);
			runOnlyForDeploymentPostprocessing = 0;
		};
		F19E64322912B4F8003EA8AB /* Sources */ = {
			isa = PBXSourcesBuildPhase;
			buildActionMask = 2147483647;
			files = (
				F19E643D2912B4F8003EA8AB /* Roll_the_DiceUITestsLaunchTests.swift in Sources */,
				F19E643B2912B4F8003EA8AB /* Roll_the_DiceUITests.swift in Sources */,
			);
			runOnlyForDeploymentPostprocessing = 0;
		};
/* End PBXSourcesBuildPhase section */

/* Begin PBXTargetDependency section */
		F19E642E2912B4F8003EA8AB /* PBXTargetDependency */ = {
			isa = PBXTargetDependency;
			target = F19E641B2912B4F3003EA8AB /* Roll the Dice */;
			targetProxy = F19E642D2912B4F8003EA8AB /* PBXContainerItemProxy */;
		};
		F19E64382912B4F8003EA8AB /* PBXTargetDependency */ = {
			isa = PBXTargetDependency;
			target = F19E641B2912B4F3003EA8AB /* Roll the Dice */;
			targetProxy = F19E64372912B4F8003EA8AB /* PBXContainerItemProxy */;
		};
/* End PBXTargetDependency section */

/* Begin XCBuildConfiguration section */
		F19E643E2912B4F8003EA8AB /* Debug */ = {
			isa = XCBuildConfiguration;
			buildSettings = {
				ALWAYS_SEARCH_USER_PATHS = NO;
				CLANG_ANALYZER_NONNULL = YES;
				CLANG_ANALYZER_NUMBER_OBJECT_CONVERSION = YES_AGGRESSIVE;
				CLANG_CXX_LANGUAGE_STANDARD = "gnu++20";
				CLANG_ENABLE_MODULES = YES;
				CLANG_ENABLE_OBJC_ARC = YES;
				CLANG_ENABLE_OBJC_WEAK = YES;
				CLANG_WARN_BLOCK_CAPTURE_AUTORELEASING = YES;
				CLANG_WARN_BOOL_CONVERSION = YES;
				CLANG_WARN_COMMA = YES;
				CLANG_WARN_CONSTANT_CONVERSION = YES;
				CLANG_WARN_DEPRECATED_OBJC_IMPLEMENTATIONS = YES;
				CLANG_WARN_DIRECT_OBJC_ISA_USAGE = YES_ERROR;
				CLANG_WARN_DOCUMENTATION_COMMENTS = YES;
				CLANG_WARN_EMPTY_BODY = YES;
				CLANG_WARN_ENUM_CONVERSION = YES;
				CLANG_WARN_INFINITE_RECURSION = YES;
				CLANG_WARN_INT_CONVERSION = YES;
				CLANG_WARN_NON_LITERAL_NULL_CONVERSION = YES;
				CLANG_WARN_OBJC_IMPLICIT_RETAIN_SELF = YES;
				CLANG_WARN_OBJC_LITERAL_CONVERSION = YES;
				CLANG_WARN_OBJC_ROOT_CLASS = YES_ERROR;
				CLANG_WARN_QUOTED_INCLUDE_IN_FRAMEWORK_HEADER = YES;
				CLANG_WARN_RANGE_LOOP_ANALYSIS = YES;
				CLANG_WARN_STRICT_PROTOTYPES = YES;
				CLANG_WARN_SUSPICIOUS_MOVE = YES;
				CLANG_WARN_UNGUARDED_AVAILABILITY = YES_AGGRESSIVE;
				CLANG_WARN_UNREACHABLE_CODE = YES;
				CLANG_WARN__DUPLICATE_METHOD_MATCH = YES;
				COPY_PHASE_STRIP = NO;
				DEBUG_INFORMATION_FORMAT = dwarf;
				ENABLE_STRICT_OBJC_MSGSEND = YES;
				ENABLE_TESTABILITY = YES;
				GCC_C_LANGUAGE_STANDARD = gnu11;
				GCC_DYNAMIC_NO_PIC = NO;
				GCC_NO_COMMON_BLOCKS = YES;
				GCC_OPTIMIZATION_LEVEL = 0;
				GCC_PREPROCESSOR_DEFINITIONS = (
					"DEBUG=1",
					"$(inherited)",
				);
				GCC_WARN_64_TO_32_BIT_CONVERSION = YES;
				GCC_WARN_ABOUT_RETURN_TYPE = YES_ERROR;
				GCC_WARN_UNDECLARED_SELECTOR = YES;
				GCC_WARN_UNINITIALIZED_AUTOS = YES_AGGRESSIVE;
				GCC_WARN_UNUSED_FUNCTION = YES;
				GCC_WARN_UNUSED_VARIABLE = YES;
				IPHONEOS_DEPLOYMENT_TARGET = 16.0;
				MTL_ENABLE_DEBUG_INFO = INCLUDE_SOURCE;
				MTL_FAST_MATH = YES;
				ONLY_ACTIVE_ARCH = YES;
				SDKROOT = iphoneos;
				SWIFT_ACTIVE_COMPILATION_CONDITIONS = DEBUG;
				SWIFT_OPTIMIZATION_LEVEL = "-Onone";
			};
			name = Debug;
		};
		F19E643F2912B4F8003EA8AB /* Release */ = {
			isa = XCBuildConfiguration;
			buildSettings = {
				ALWAYS_SEARCH_USER_PATHS = NO;
				CLANG_ANALYZER_NONNULL = YES;
				CLANG_ANALYZER_NUMBER_OBJECT_CONVERSION = YES_AGGRESSIVE;
				CLANG_CXX_LANGUAGE_STANDARD = "gnu++20";
				CLANG_ENABLE_MODULES = YES;
				CLANG_ENABLE_OBJC_ARC = YES;
				CLANG_ENABLE_OBJC_WEAK = YES;
				CLANG_WARN_BLOCK_CAPTURE_AUTORELEASING = YES;
				CLANG_WARN_BOOL_CONVERSION = YES;
				CLANG_WARN_COMMA = YES;
				CLANG_WARN_CONSTANT_CONVERSION = YES;
				CLANG_WARN_DEPRECATED_OBJC_IMPLEMENTATIONS = YES;
				CLANG_WARN_DIRECT_OBJC_ISA_USAGE = YES_ERROR;
				CLANG_WARN_DOCUMENTATION_COMMENTS = YES;
				CLANG_WARN_EMPTY_BODY = YES;
				CLANG_WARN_ENUM_CONVERSION = YES;
				CLANG_WARN_INFINITE_RECURSION = YES;
				CLANG_WARN_INT_CONVERSION = YES;
				CLANG_WARN_NON_LITERAL_NULL_CONVERSION = YES;
				CLANG_WARN_OBJC_IMPLICIT_RETAIN_SELF = YES;
				CLANG_WARN_OBJC_LITERAL_CONVERSION = YES;
				CLANG_WARN_OBJC_ROOT_CLASS = YES_ERROR;
				CLANG_WARN_QUOTED_INCLUDE_IN_FRAMEWORK_HEADER = YES;
				CLANG_WARN_RANGE_LOOP_ANALYSIS = YES;
				CLANG_WARN_STRICT_PROTOTYPES = YES;
				CLANG_WARN_SUSPICIOUS_MOVE = YES;
				CLANG_WARN_UNGUARDED_AVAILABILITY = YES_AGGRESSIVE;
				CLANG_WARN_UNREACHABLE_CODE = YES;
				CLANG_WARN__DUPLICATE_METHOD_MATCH = YES;
				COPY_PHASE_STRIP = NO;
				DEBUG_INFORMATION_FORMAT = "dwarf-with-dsym";
				ENABLE_NS_ASSERTIONS = NO;
				ENABLE_STRICT_OBJC_MSGSEND = YES;
				GCC_C_LANGUAGE_STANDARD = gnu11;
				GCC_NO_COMMON_BLOCKS = YES;
				GCC_WARN_64_TO_32_BIT_CONVERSION = YES;
				GCC_WARN_ABOUT_RETURN_TYPE = YES_ERROR;
				GCC_WARN_UNDECLARED_SELECTOR = YES;
				GCC_WARN_UNINITIALIZED_AUTOS = YES_AGGRESSIVE;
				GCC_WARN_UNUSED_FUNCTION = YES;
				GCC_WARN_UNUSED_VARIABLE = YES;
				IPHONEOS_DEPLOYMENT_TARGET = 16.0;
				MTL_ENABLE_DEBUG_INFO = NO;
				MTL_FAST_MATH = YES;
				SDKROOT = iphoneos;
				SWIFT_COMPILATION_MODE = wholemodule;
				SWIFT_OPTIMIZATION_LEVEL = "-O";
				VALIDATE_PRODUCT = YES;
			};
			name = Release;
		};
		F19E64412912B4F8003EA8AB /* Debug */ = {
			isa = XCBuildConfiguration;
			buildSettings = {
				ASSETCATALOG_COMPILER_APPICON_NAME = AppIcon;
				ASSETCATALOG_COMPILER_GLOBAL_ACCENT_COLOR_NAME = AccentColor;
				CODE_SIGN_STYLE = Automatic;
				CURRENT_PROJECT_VERSION = 1;
				DEVELOPMENT_ASSET_PATHS = "\"Roll the Dice/Preview Content\"";
				DEVELOPMENT_TEAM = W3GN63M436;
				ENABLE_PREVIEWS = YES;
				GENERATE_INFOPLIST_FILE = YES;
				INFOPLIST_KEY_UIApplicationSceneManifest_Generation = YES;
				INFOPLIST_KEY_UIApplicationSupportsIndirectInputEvents = YES;
				INFOPLIST_KEY_UILaunchScreen_Generation = YES;
				INFOPLIST_KEY_UISupportedInterfaceOrientations_iPad = "UIInterfaceOrientationPortrait UIInterfaceOrientationPortraitUpsideDown UIInterfaceOrientationLandscapeLeft UIInterfaceOrientationLandscapeRight";
				INFOPLIST_KEY_UISupportedInterfaceOrientations_iPhone = "UIInterfaceOrientationPortrait UIInterfaceOrientationLandscapeLeft UIInterfaceOrientationLandscapeRight";
				LD_RUNPATH_SEARCH_PATHS = (
					"$(inherited)",
					"@executable_path/Frameworks",
				);
				MARKETING_VERSION = 1.0;
				PRODUCT_BUNDLE_IDENTIFIER = "MobileApps.Roll-the-Dice";
				PRODUCT_NAME = "$(TARGET_NAME)";
				SWIFT_EMIT_LOC_STRINGS = YES;
				SWIFT_VERSION = 5.0;
				TARGETED_DEVICE_FAMILY = "1,2";
			};
			name = Debug;
		};
		F19E64422912B4F8003EA8AB /* Release */ = {
			isa = XCBuildConfiguration;
			buildSettings = {
				ASSETCATALOG_COMPILER_APPICON_NAME = AppIcon;
				ASSETCATALOG_COMPILER_GLOBAL_ACCENT_COLOR_NAME = AccentColor;
				CODE_SIGN_STYLE = Automatic;
				CURRENT_PROJECT_VERSION = 1;
				DEVELOPMENT_ASSET_PATHS = "\"Roll the Dice/Preview Content\"";
				DEVELOPMENT_TEAM = W3GN63M436;
				ENABLE_PREVIEWS = YES;
				GENERATE_INFOPLIST_FILE = YES;
				INFOPLIST_KEY_UIApplicationSceneManifest_Generation = YES;
				INFOPLIST_KEY_UIApplicationSupportsIndirectInputEvents = YES;
				INFOPLIST_KEY_UILaunchScreen_Generation = YES;
				INFOPLIST_KEY_UISupportedInterfaceOrientations_iPad = "UIInterfaceOrientationPortrait UIInterfaceOrientationPortraitUpsideDown UIInterfaceOrientationLandscapeLeft UIInterfaceOrientationLandscapeRight";
				INFOPLIST_KEY_UISupportedInterfaceOrientations_iPhone = "UIInterfaceOrientationPortrait UIInterfaceOrientationLandscapeLeft UIInterfaceOrientationLandscapeRight";
				LD_RUNPATH_SEARCH_PATHS = (
					"$(inherited)",
					"@executable_path/Frameworks",
				);
				MARKETING_VERSION = 1.0;
				PRODUCT_BUNDLE_IDENTIFIER = "MobileApps.Roll-the-Dice";
				PRODUCT_NAME = "$(TARGET_NAME)";
				SWIFT_EMIT_LOC_STRINGS = YES;
				SWIFT_VERSION = 5.0;
				TARGETED_DEVICE_FAMILY = "1,2";
			};
			name = Release;
		};
		F19E64442912B4F8003EA8AB /* Debug */ = {
			isa = XCBuildConfiguration;
			buildSettings = {
				ALWAYS_EMBED_SWIFT_STANDARD_LIBRARIES = YES;
				BUNDLE_LOADER = "$(TEST_HOST)";
				CODE_SIGN_STYLE = Automatic;
				CURRENT_PROJECT_VERSION = 1;
				DEVELOPMENT_TEAM = W3GN63M436;
				GENERATE_INFOPLIST_FILE = YES;
				IPHONEOS_DEPLOYMENT_TARGET = 16.0;
				MARKETING_VERSION = 1.0;
				PRODUCT_BUNDLE_IDENTIFIER = "MobileApps.Roll-the-DiceTests";
				PRODUCT_NAME = "$(TARGET_NAME)";
				SWIFT_EMIT_LOC_STRINGS = NO;
				SWIFT_VERSION = 5.0;
				TARGETED_DEVICE_FAMILY = "1,2";
				TEST_HOST = "$(BUILT_PRODUCTS_DIR)/Roll the Dice.app/$(BUNDLE_EXECUTABLE_FOLDER_PATH)/Roll the Dice";
			};
			name = Debug;
		};
		F19E64452912B4F8003EA8AB /* Release */ = {
			isa = XCBuildConfiguration;
			buildSettings = {
				ALWAYS_EMBED_SWIFT_STANDARD_LIBRARIES = YES;
				BUNDLE_LOADER = "$(TEST_HOST)";
				CODE_SIGN_STYLE = Automatic;
				CURRENT_PROJECT_VERSION = 1;
				DEVELOPMENT_TEAM = W3GN63M436;
				GENERATE_INFOPLIST_FILE = YES;
				IPHONEOS_DEPLOYMENT_TARGET = 16.0;
				MARKETING_VERSION = 1.0;
				PRODUCT_BUNDLE_IDENTIFIER = "MobileApps.Roll-the-DiceTests";
				PRODUCT_NAME = "$(TARGET_NAME)";
				SWIFT_EMIT_LOC_STRINGS = NO;
				SWIFT_VERSION = 5.0;
				TARGETED_DEVICE_FAMILY = "1,2";
				TEST_HOST = "$(BUILT_PRODUCTS_DIR)/Roll the Dice.app/$(BUNDLE_EXECUTABLE_FOLDER_PATH)/Roll the Dice";
			};
			name = Release;
		};
		F19E64472912B4F8003EA8AB /* Debug */ = {
			isa = XCBuildConfiguration;
			buildSettings = {
				ALWAYS_EMBED_SWIFT_STANDARD_LIBRARIES = YES;
				CODE_SIGN_STYLE = Automatic;
				CURRENT_PROJECT_VERSION = 1;
				DEVELOPMENT_TEAM = W3GN63M436;
				GENERATE_INFOPLIST_FILE = YES;
				MARKETING_VERSION = 1.0;
				PRODUCT_BUNDLE_IDENTIFIER = "MobileApps.Roll-the-DiceUITests";
				PRODUCT_NAME = "$(TARGET_NAME)";
				SWIFT_EMIT_LOC_STRINGS = NO;
				SWIFT_VERSION = 5.0;
				TARGETED_DEVICE_FAMILY = "1,2";
				TEST_TARGET_NAME = "Roll the Dice";
			};
			name = Debug;
		};
		F19E64482912B4F8003EA8AB /* Release */ = {
			isa = XCBuildConfiguration;
			buildSettings = {
				ALWAYS_EMBED_SWIFT_STANDARD_LIBRARIES = YES;
				CODE_SIGN_STYLE = Automatic;
				CURRENT_PROJECT_VERSION = 1;
				DEVELOPMENT_TEAM = W3GN63M436;
				GENERATE_INFOPLIST_FILE = YES;
				MARKETING_VERSION = 1.0;
				PRODUCT_BUNDLE_IDENTIFIER = "MobileApps.Roll-the-DiceUITests";
				PRODUCT_NAME = "$(TARGET_NAME)";
				SWIFT_EMIT_LOC_STRINGS = NO;
				SWIFT_VERSION = 5.0;
				TARGETED_DEVICE_FAMILY = "1,2";
				TEST_TARGET_NAME = "Roll the Dice";
			};
			name = Release;
		};
/* End XCBuildConfiguration section */

/* Begin XCConfigurationList section */
		F19E64172912B4F3003EA8AB /* Build configuration list for PBXProject "Roll the Dice" */ = {
			isa = XCConfigurationList;
			buildConfigurations = (
				F19E643E2912B4F8003EA8AB /* Debug */,
				F19E643F2912B4F8003EA8AB /* Release */,
			);
			defaultConfigurationIsVisible = 0;
			defaultConfigurationName = Release;
		};
		F19E64402912B4F8003EA8AB /* Build configuration list for PBXNativeTarget "Roll the Dice" */ = {
			isa = XCConfigurationList;
			buildConfigurations = (
				F19E64412912B4F8003EA8AB /* Debug */,
				F19E64422912B4F8003EA8AB /* Release */,
			);
			defaultConfigurationIsVisible = 0;
			defaultConfigurationName = Release;
		};
		F19E64432912B4F8003EA8AB /* Build configuration list for PBXNativeTarget "Roll the DiceTests" */ = {
			isa = XCConfigurationList;
			buildConfigurations = (
				F19E64442912B4F8003EA8AB /* Debug */,
				F19E64452912B4F8003EA8AB /* Release */,
			);
			defaultConfigurationIsVisible = 0;
			defaultConfigurationName = Release;
		};
		F19E64462912B4F8003EA8AB /* Build configuration list for PBXNativeTarget "Roll the DiceUITests" */ = {
			isa = XCConfigurationList;
			buildConfigurations = (
				F19E64472912B4F8003EA8AB /* Debug */,
				F19E64482912B4F8003EA8AB /* Release */,
			);
			defaultConfigurationIsVisible = 0;
			defaultConfigurationName = Release;
		};
/* End XCConfigurationList section */
	};
	rootObject = F19E64142912B4F3003EA8AB /* Project object */;
}
